
Microsoft Visual Studio Solution File, Format Version 12.00
# Visual Studio Version 17
VisualStudioVersion = 17.0.31903.59
MinimumVisualStudioVersion = 10.0.40219.1
Project("{FAE04EC0-301F-11D3-BF4B-00C04F79EFBC}") = "mlnet", "mlnet\mlnet.csproj", "{5E014A3A-7D31-4D18-9B62-0263C7F3B065}"
EndProject
Project("{FAE04EC0-301F-11D3-BF4B-00C04F79EFBC}") = "GradientDescent", "GradientDescent\GradientDescent.csproj", "{63210CA9-45C5-471A-B365-A1D8BED14053}"
EndProject
Project("{FAE04EC0-301F-11D3-BF4B-00C04F79EFBC}") = "Llama", "Llama\Llama.csproj", "{70C81C10-089B-4B00-8F61-1E9F822AB574}"
EndProject
Project("{FAE04EC0-301F-11D3-BF4B-00C04F79EFBC}") = "LlamaTestClient", "LlamaTestClient\LlamaTestClient.csproj", "{F81FBA73-E5FE-4F01-BDF9-056754376E37}"
EndProject
Project("{FAE04EC0-301F-11D3-BF4B-00C04F79EFBC}") = "PdfTextTest", "PdfTextTest\PdfTextTest.csproj", "{1339B736-3D91-4C9F-AC56-FC897F075115}"
EndProject
Global
	GlobalSection(SolutionConfigurationPlatforms) = preSolution
		Debug|Any CPU = Debug|Any CPU
		Release|Any CPU = Release|Any CPU
	EndGlobalSection
	GlobalSection(SolutionProperties) = preSolution
		HideSolutionNode = FALSE
	EndGlobalSection
	GlobalSection(ProjectConfigurationPlatforms) = postSolution
		{5E014A3A-7D31-4D18-9B62-0263C7F3B065}.Debug|Any CPU.ActiveCfg = Debug|Any CPU
		{5E014A3A-7D31-4D18-9B62-0263C7F3B065}.Debug|Any CPU.Build.0 = Debug|Any CPU
		{5E014A3A-7D31-4D18-9B62-0263C7F3B065}.Release|Any CPU.ActiveCfg = Release|Any CPU
		{5E014A3A-7D31-4D18-9B62-0263C7F3B065}.Release|Any CPU.Build.0 = Release|Any CPU
		{63210CA9-45C5-471A-B365-A1D8BED14053}.Debug|Any CPU.ActiveCfg = Debug|Any CPU
		{63210CA9-45C5-471A-B365-A1D8BED14053}.Debug|Any CPU.Build.0 = Debug|Any CPU
		{63210CA9-45C5-471A-B365-A1D8BED14053}.Release|Any CPU.ActiveCfg = Release|Any CPU
		{63210CA9-45C5-471A-B365-A1D8BED14053}.Release|Any CPU.Build.0 = Release|Any CPU
		{70C81C10-089B-4B00-8F61-1E9F822AB574}.Debug|Any CPU.ActiveCfg = Debug|Any CPU
		{70C81C10-089B-4B00-8F61-1E9F822AB574}.Debug|Any CPU.Build.0 = Debug|Any CPU
		{70C81C10-089B-4B00-8F61-1E9F822AB574}.Release|Any CPU.ActiveCfg = Release|Any CPU
		{70C81C10-089B-4B00-8F61-1E9F822AB574}.Release|Any CPU.Build.0 = Release|Any CPU
		{F81FBA73-E5FE-4F01-BDF9-056754376E37}.Debug|Any CPU.ActiveCfg = Debug|Any CPU
		{F81FBA73-E5FE-4F01-BDF9-056754376E37}.Debug|Any CPU.Build.0 = Debug|Any CPU
		{F81FBA73-E5FE-4F01-BDF9-056754376E37}.Release|Any CPU.ActiveCfg = Release|Any CPU
		{F81FBA73-E5FE-4F01-BDF9-056754376E37}.Release|Any CPU.Build.0 = Release|Any CPU
		{1339B736-3D91-4C9F-AC56-FC897F075115}.Debug|Any CPU.ActiveCfg = Debug|Any CPU
		{1339B736-3D91-4C9F-AC56-FC897F075115}.Debug|Any CPU.Build.0 = Debug|Any CPU
		{1339B736-3D91-4C9F-AC56-FC897F075115}.Release|Any CPU.ActiveCfg = Release|Any CPU
		{1339B736-3D91-4C9F-AC56-FC897F075115}.Release|Any CPU.Build.0 = Release|Any CPU
	EndGlobalSection
EndGlobal
